Microsoft Visual Studio Solution File, Format Version 12.00
# Visual Studio Version 17
VisualStudioVersion = 17.0.31903.59
MinimumVisualStudioVersion = 10.0.40219.1
Project("{FAE04EC0-301F-11D3-BF4B-00C04F79EFBC}") = "SyncWaveAudio", "src\SyncWaveAudio\SyncWaveAudio.csproj", "{E70D13CF-413A-4309-A4C4-2E2CB39DB4F9}"
EndProject
Global
	GlobalSection(SolutionConfigurationPlatforms) = preSolution
		Debug|Any CPU = Debug|Any CPU
		Release|Any CPU = Release|Any CPU
	EndGlobalSection
	GlobalSection(ProjectConfigurationPlatforms) = postSolution
		{E70D13CF-413A-4309-A4C4-2E2CB39DB4F9}.Debug|Any CPU.ActiveCfg = Debug|Any CPU
		{E70D13CF-413A-4309-A4C4-2E2CB39DB4F9}.Debug|Any CPU.Build.0 = Debug|Any CPU
		{E70D13CF-413A-4309-A4C4-2E2CB39DB4F9}.Release|Any CPU.ActiveCfg = Release|Any CPU
		{E70D13CF-413A-4309-A4C4-2E2CB39DB4F9}.Release|Any CPU.Build.0 = Release|Any CPU
	EndGlobalSection
EndGlobal
